
Microsoft Visual Studio Solution File, Format Version 12.00
# Visual Studio 15
VisualStudioVersion = 15.0.28010.2003
MinimumVisualStudioVersion = 10.0.40219.1
Project("{2150E333-8FDC-42A3-9474-1A3956D46DE8}") = "tests", "tests", "{959CA39B-62A0-42ED-B9B4-C4047E6B4EB8}"
EndProject
Project("{9A19103F-16F7-4668-BE54-9A1E7A4F7556}") = "Core", "Core\Core.csproj", "{2EA34F6E-F5CF-4501-9972-54DBDF4474A2}"
EndProject
Project("{9A19103F-16F7-4668-BE54-9A1E7A4F7556}") = "Core.Tests", "tests\Core.Tests\Core.Tests.csproj", "{F05C4828-EC8F-4C2F-A274-ADD2F2AEDB02}"
EndProject
Global
	GlobalSection(SolutionConfigurationPlatforms) = preSolution
		Debug|Any CPU = Debug|Any CPU
		Release|Any CPU = Release|Any CPU
	EndGlobalSection
	GlobalSection(ProjectConfigurationPlatforms) = postSolution
		{2EA34F6E-F5CF-4501-9972-54DBDF4474A2}.Debug|Any CPU.ActiveCfg = Debug|Any CPU
		{2EA34F6E-F5CF-4501-9972-54DBDF4474A2}.Debug|Any CPU.Build.0 = Debug|Any CPU
		{2EA34F6E-F5CF-4501-9972-54DBDF4474A2}.Release|Any CPU.ActiveCfg = Release|Any CPU
		{2EA34F6E-F5CF-4501-9972-54DBDF4474A2}.Release|Any CPU.Build.0 = Release|Any CPU
		{F05C4828-EC8F-4C2F-A274-ADD2F2AEDB02}.Debug|Any CPU.ActiveCfg = Debug|Any CPU
		{F05C4828-EC8F-4C2F-A274-ADD2F2AEDB02}.Debug|Any CPU.Build.0 = Debug|Any CPU
		{F05C4828-EC8F-4C2F-A274-ADD2F2AEDB02}.Release|Any CPU.ActiveCfg = Release|Any CPU
		{F05C4828-EC8F-4C2F-A274-ADD2F2AEDB02}.Release|Any CPU.Build.0 = Release|Any CPU
	EndGlobalSection
	GlobalSection(SolutionProperties) = preSolution
		HideSolutionNode = FALSE
	EndGlobalSection
	GlobalSection(NestedProjects) = preSolution
		{F05C4828-EC8F-4C2F-A274-ADD2F2AEDB02} = {959CA39B-62A0-42ED-B9B4-C4047E6B4EB8}
	EndGlobalSection
	GlobalSection(ExtensibilityGlobals) = postSolution
		SolutionGuid = {EF2FA4FC-17A3-4DC0-BB6D-CEC8D9AAA06C}
	EndGlobalSection
EndGlobal
