
Microsoft Visual Studio Solution File, Format Version 12.00
# Visual Studio 15
VisualStudioVersion = 15.0.28307.168
MinimumVisualStudioVersion = 10.0.40219.1
Project("{FAE04EC0-301F-11D3-BF4B-00C04F79EFBC}") = "Mtk.AlgorithmsAndDataStructures", "Mtk.AlgorithmsAndDataStructures\Mtk.AlgorithmsAndDataStructures.csproj", "{405566CE-1800-4E61-8997-B3D75854B89A}"
EndProject
Project("{FAE04EC0-301F-11D3-BF4B-00C04F79EFBC}") = "Mtk.AlgorithmsAndDataStructures.Tests", "Mtk.AlgorithmsAndDataStructures.Tests\Mtk.AlgorithmsAndDataStructures.Tests.csproj", "{2687BDB1-7F73-406E-A29A-685635280E2E}"
EndProject
Global
	GlobalSection(SolutionConfigurationPlatforms) = preSolution
		Debug|Any CPU = Debug|Any CPU
		Release|Any CPU = Release|Any CPU
	EndGlobalSection
	GlobalSection(ProjectConfigurationPlatforms) = postSolution
		{405566CE-1800-4E61-8997-B3D75854B89A}.Debug|Any CPU.ActiveCfg = Debug|Any CPU
		{405566CE-1800-4E61-8997-B3D75854B89A}.Debug|Any CPU.Build.0 = Debug|Any CPU
		{405566CE-1800-4E61-8997-B3D75854B89A}.Release|Any CPU.ActiveCfg = Release|Any CPU
		{405566CE-1800-4E61-8997-B3D75854B89A}.Release|Any CPU.Build.0 = Release|Any CPU
		{2687BDB1-7F73-406E-A29A-685635280E2E}.Debug|Any CPU.ActiveCfg = Debug|Any CPU
		{2687BDB1-7F73-406E-A29A-685635280E2E}.Debug|Any CPU.Build.0 = Debug|Any CPU
		{2687BDB1-7F73-406E-A29A-685635280E2E}.Release|Any CPU.ActiveCfg = Release|Any CPU
		{2687BDB1-7F73-406E-A29A-685635280E2E}.Release|Any CPU.Build.0 = Release|Any CPU
	EndGlobalSection
	GlobalSection(SolutionProperties) = preSolution
		HideSolutionNode = FALSE
	EndGlobalSection
	GlobalSection(ExtensibilityGlobals) = postSolution
		SolutionGuid = {613F58B2-7686-4A54-87D8-8122195D9679}
	EndGlobalSection
EndGlobal
